{
    "_meta": {
        "hash": {
            "sha256": "f68460a8952138da4ddfc5411bd4280d47e8d6c7c95194b13c418c613c8c26d2"
        },
        "pipfile-spec": 6,
        "requires": {
            "python_version": "3.7"
        },
        "sources": [
            {
                "name": "pypi_tuna",
                "url": "https://pypi.tuna.tsinghua.edu.cn/simple",
                "verify_ssl": true
            }
        ]
    },
    "default": {},
    "develop": {}
}
